
Microsoft Visual Studio Solution File, Format Version 12.00
# Visual Studio Version 17
VisualStudioVersion = 17.0.31903.59
MinimumVisualStudioVersion = 10.0.40219.1
Project("{2150E333-8FDC-42A3-9474-1A3956D46DE8}") = "src", "src", "{827E0CD3-B72D-47B6-A68D-7590B98EB39B}"
EndProject
Project("{FAE04EC0-301F-11D3-BF4B-00C04F79EFBC}") = "OpenMFA.SmartCard", "src\OpenMFA.SmartCard\OpenMFA.SmartCard.csproj", "{EDCD6B88-808A-453F-A347-332DCD65BDBA}"
EndProject
Project("{FAE04EC0-301F-11D3-BF4B-00C04F79EFBC}") = "OpenMFA.GUI", "src\OpenMFA.GUI\OpenMFA.GUI.csproj", "{A1B2C3D4-E5F6-47A8-B9C0-D1E2F3A4B5C6}"
EndProject
Global
	GlobalSection(SolutionConfigurationPlatforms) = preSolution
		Debug|Any CPU = Debug|Any CPU
		Debug|x64 = Debug|x64
		Debug|x86 = Debug|x86
		Release|Any CPU = Release|Any CPU
		Release|x64 = Release|x64
		Release|x86 = Release|x86
	EndGlobalSection
	GlobalSection(ProjectConfigurationPlatforms) = postSolution
		{EDCD6B88-808A-453F-A347-332DCD65BDBA}.Debug|Any CPU.ActiveCfg = Debug|Any CPU
		{EDCD6B88-808A-453F-A347-332DCD65BDBA}.Debug|Any CPU.Build.0 = Debug|Any CPU
		{EDCD6B88-808A-453F-A347-332DCD65BDBA}.Debug|x64.ActiveCfg = Debug|Any CPU
		{EDCD6B88-808A-453F-A347-332DCD65BDBA}.Debug|x64.Build.0 = Debug|Any CPU
		{EDCD6B88-808A-453F-A347-332DCD65BDBA}.Debug|x86.ActiveCfg = Debug|Any CPU
		{EDCD6B88-808A-453F-A347-332DCD65BDBA}.Debug|x86.Build.0 = Debug|Any CPU
		{EDCD6B88-808A-453F-A347-332DCD65BDBA}.Release|Any CPU.ActiveCfg = Release|Any CPU
		{EDCD6B88-808A-453F-A347-332DCD65BDBA}.Release|Any CPU.Build.0 = Release|Any CPU
		{EDCD6B88-808A-453F-A347-332DCD65BDBA}.Release|x64.ActiveCfg = Release|Any CPU
		{EDCD6B88-808A-453F-A347-332DCD65BDBA}.Release|x64.Build.0 = Release|Any CPU
		{EDCD6B88-808A-453F-A347-332DCD65BDBA}.Release|x86.ActiveCfg = Release|Any CPU
		{EDCD6B88-808A-453F-A347-332DCD65BDBA}.Release|x86.Build.0 = Release|Any CPU
		{A1B2C3D4-E5F6-47A8-B9C0-D1E2F3A4B5C6}.Debug|Any CPU.ActiveCfg = Debug|Any CPU
		{A1B2C3D4-E5F6-47A8-B9C0-D1E2F3A4B5C6}.Debug|Any CPU.Build.0 = Debug|Any CPU
		{A1B2C3D4-E5F6-47A8-B9C0-D1E2F3A4B5C6}.Debug|x64.ActiveCfg = Debug|Any CPU
		{A1B2C3D4-E5F6-47A8-B9C0-D1E2F3A4B5C6}.Debug|x64.Build.0 = Debug|Any CPU
		{A1B2C3D4-E5F6-47A8-B9C0-D1E2F3A4B5C6}.Debug|x86.ActiveCfg = Debug|Any CPU
		{A1B2C3D4-E5F6-47A8-B9C0-D1E2F3A4B5C6}.Debug|x86.Build.0 = Debug|Any CPU
		{A1B2C3D4-E5F6-47A8-B9C0-D1E2F3A4B5C6}.Release|Any CPU.ActiveCfg = Release|Any CPU
		{A1B2C3D4-E5F6-47A8-B9C0-D1E2F3A4B5C6}.Release|Any CPU.Build.0 = Release|Any CPU
		{A1B2C3D4-E5F6-47A8-B9C0-D1E2F3A4B5C6}.Release|x64.ActiveCfg = Release|Any CPU
		{A1B2C3D4-E5F6-47A8-B9C0-D1E2F3A4B5C6}.Release|x64.Build.0 = Release|Any CPU
		{A1B2C3D4-E5F6-47A8-B9C0-D1E2F3A4B5C6}.Release|x86.ActiveCfg = Release|Any CPU
		{A1B2C3D4-E5F6-47A8-B9C0-D1E2F3A4B5C6}.Release|x86.Build.0 = Release|Any CPU
	EndGlobalSection
	GlobalSection(SolutionProperties) = preSolution
		HideSolutionNode = FALSE
	EndGlobalSection
	GlobalSection(NestedProjects) = preSolution
		{EDCD6B88-808A-453F-A347-332DCD65BDBA} = {827E0CD3-B72D-47B6-A68D-7590B98EB39B}
		{A1B2C3D4-E5F6-47A8-B9C0-D1E2F3A4B5C6} = {827E0CD3-B72D-47B6-A68D-7590B98EB39B}
	EndGlobalSection
EndGlobal
